
Microsoft Visual Studio Solution File, Format Version 12.00
# Visual Studio 15
VisualStudioVersion = 15.0.26430.6
MinimumVisualStudioVersion = 10.0.40219.1
Project("{FAE04EC0-301F-11D3-BF4B-00C04F79EFBC}") = "Ioc.Core", "Ioc.Core\Ioc.Core.csproj", "{93C7DEFD-6EAD-460B-BFBF-EB55A71BDB8B}"
EndProject
Project("{FAE04EC0-301F-11D3-BF4B-00C04F79EFBC}") = "Ioc.Data", "Ioc.Data\Ioc.Data.csproj", "{0102CBEB-9EDC-4BF8-898D-6FA1DB5D204A}"
	ProjectSection(ProjectDependencies) = postProject
		{93C7DEFD-6EAD-460B-BFBF-EB55A71BDB8B} = {93C7DEFD-6EAD-460B-BFBF-EB55A71BDB8B}
	EndProjectSection
EndProject
Project("{FAE04EC0-301F-11D3-BF4B-00C04F79EFBC}") = "Ioc.Service", "Ioc.Service\Ioc.Service.csproj", "{BE02FFA9-D276-40DE-8736-DA133EFDDC81}"
EndProject
Project("{FAE04EC0-301F-11D3-BF4B-00C04F79EFBC}") = "Ioc.Web", "Ioc.Web\Ioc.Web.csproj", "{6D3FAC00-9BAE-422F-AAF3-A606D5B8CBA3}"
EndProject
Global
	GlobalSection(SolutionConfigurationPlatforms) = preSolution
		Debug|Any CPU = Debug|Any CPU
		Release|Any CPU = Release|Any CPU
	EndGlobalSection
	GlobalSection(ProjectConfigurationPlatforms) = postSolution
		{93C7DEFD-6EAD-460B-BFBF-EB55A71BDB8B}.Debug|Any CPU.ActiveCfg = Debug|Any CPU
		{93C7DEFD-6EAD-460B-BFBF-EB55A71BDB8B}.Debug|Any CPU.Build.0 = Debug|Any CPU
		{93C7DEFD-6EAD-460B-BFBF-EB55A71BDB8B}.Release|Any CPU.ActiveCfg = Release|Any CPU
		{93C7DEFD-6EAD-460B-BFBF-EB55A71BDB8B}.Release|Any CPU.Build.0 = Release|Any CPU
		{0102CBEB-9EDC-4BF8-898D-6FA1DB5D204A}.Debug|Any CPU.ActiveCfg = Debug|Any CPU
		{0102CBEB-9EDC-4BF8-898D-6FA1DB5D204A}.Debug|Any CPU.Build.0 = Debug|Any CPU
		{0102CBEB-9EDC-4BF8-898D-6FA1DB5D204A}.Release|Any CPU.ActiveCfg = Release|Any CPU
		{0102CBEB-9EDC-4BF8-898D-6FA1DB5D204A}.Release|Any CPU.Build.0 = Release|Any CPU
		{BE02FFA9-D276-40DE-8736-DA133EFDDC81}.Debug|Any CPU.ActiveCfg = Debug|Any CPU
		{BE02FFA9-D276-40DE-8736-DA133EFDDC81}.Debug|Any CPU.Build.0 = Debug|Any CPU
		{BE02FFA9-D276-40DE-8736-DA133EFDDC81}.Release|Any CPU.ActiveCfg = Release|Any CPU
		{BE02FFA9-D276-40DE-8736-DA133EFDDC81}.Release|Any CPU.Build.0 = Release|Any CPU
		{6D3FAC00-9BAE-422F-AAF3-A606D5B8CBA3}.Debug|Any CPU.ActiveCfg = Debug|Any CPU
		{6D3FAC00-9BAE-422F-AAF3-A606D5B8CBA3}.Debug|Any CPU.Build.0 = Debug|Any CPU
		{6D3FAC00-9BAE-422F-AAF3-A606D5B8CBA3}.Release|Any CPU.ActiveCfg = Release|Any CPU
		{6D3FAC00-9BAE-422F-AAF3-A606D5B8CBA3}.Release|Any CPU.Build.0 = Release|Any CPU
	EndGlobalSection
	GlobalSection(SolutionProperties) = preSolution
		HideSolutionNode = FALSE
	EndGlobalSection
EndGlobal
